{
  "version": 4,
  "terraform_version": "1.15.6",
  "serial": 6,
  "lineage": "aee420b5-34f4-d618-63b2-610c0297f31e",
  "outputs": {
    "static_web_app_default_hostname": {
      "value": "green-cliff-0804b7a00.7.azurestaticapps.net",
      "type": "string"
    }
  },
  "resources": [
    {
      "mode": "managed",
      "type": "azurerm_resource_group",
      "name": "rg",
      "provider": "provider[\"registry.terraform.io/hashicorp/azurerm\"]",
      "instances": [
        {
          "schema_version": 0,
          "attributes": {
            "id": "/subscriptions/e62c0824-7913-4b2c-8bfc-dcc83f4b940b/resourceGroups/rg-personalwebsite",
            "location": "australiaeast",
            "managed_by": "",
            "name": "rg-personalwebsite",
            "tags": null,
            "timeouts": null
          },
          "sensitive_attributes": [],
          "identity_schema_version": 0,
          "private": "eyJlMmJmYjczMC1lY2FhLTExZTYtOGY4OC0zNDM2M2JjN2M0YzAiOnsiY3JlYXRlIjo1NDAwMDAwMDAwMDAwLCJkZWxldGUiOjU0MDAwMDAwMDAwMDAsInJlYWQiOjMwMDAwMDAwMDAwMCwidXBkYXRlIjo1NDAwMDAwMDAwMDAwfX0="
        }
      ]
    },
    {
      "mode": "managed",
      "type": "azurerm_static_web_app",
      "name": "personalwebsite",
      "provider": "provider[\"registry.terraform.io/hashicorp/azurerm\"]",
      "instances": [
        {
          "schema_version": 0,
          "attributes": {
            "api_key": "9f0f2e3402c0fa5cf6504d015eeb1ff1e8c08a22795534201954e355c309bdf407-4d6b6626-9833-45af-9ff6-8cd339010cc600004090804b7a00",
            "app_settings": null,
            "basic_auth": [],
            "configuration_file_changes_enabled": true,
            "default_host_name": "green-cliff-0804b7a00.7.azurestaticapps.net",
            "id": "/subscriptions/e62c0824-7913-4b2c-8bfc-dcc83f4b940b/resourceGroups/rg-personalwebsite/providers/Microsoft.Web/staticSites/PersonalWebsite",
            "identity": [],
            "location": "eastasia",
            "name": "PersonalWebsite",
            "preview_environments_enabled": true,
            "resource_group_name": "rg-personalwebsite",
            "sku_size": "Free",
            "sku_tier": "Free",
            "tags": null,
            "timeouts": null
          },
          "sensitive_attributes": [
            [
              {
                "type": "get_attr",
                "value": "api_key"
              }
            ]
          ],
          "identity_schema_version": 0,
          "private": "eyJlMmJmYjczMC1lY2FhLTExZTYtOGY4OC0zNDM2M2JjN2M0YzAiOnsiY3JlYXRlIjoxODAwMDAwMDAwMDAwLCJkZWxldGUiOjE4MDAwMDAwMDAwMDAsInJlYWQiOjMwMDAwMDAwMDAwMCwidXBkYXRlIjoxODAwMDAwMDAwMDAwfX0=",
          "dependencies": [
            "azurerm_resource_group.rg"
          ]
        }
      ]
    }
  ],
  "check_results": null
}
